version: v2
locks:
  f/bash_scripts/monte_carlo_scenar_1_bash_script: c2c9b512e66ce00b33a9eebf4d1e3f36dae6c937182e192944fce39ab8ac339f
  f/bash_scripts/task1_delete_s3_scenar_2_bash_python_script: 809bbc7fccede7533381b6c9054afaa936355e3467b2e4806602046610fbaf26
  f/bash_scripts/task2_s3_ingestion_scenar_2_bash_python_script: 64b2f08ef4a9c78ffa7d5bb8e8ca078cfc9804af118cad80e9688da2248c90cb
  f/bash_scripts/task3_wait_external_service_bash_python_script: b26ba74cf784762582b893ef618fa177d71643aa77287c9927031fdb18924f36
  f/bash_scripts/task4_copy_s3_to_postgres_bash_python_script: 35d2f249554b402d1ed11e041d7d61ba020ee3b24f946308ca151a419799f359
  f/python_scripts/task_1_delete_s3_scenar_2_b_python_script: 8f8d2f1398897d30660dd8aad9e238caaf79d2a9461674e4f96605876bc892d0
  f/python_scripts/task_2_s3_ingestion_scenar_2_b_python_script: e8dbfe18840c50ad82df158da2325e0f87c27ebff502af29434e77b173576e01
  f/python_scripts/task_3_wait_external_service_scenar_2_b_python_script: 61d2bebe527d0d8b82c92c9abcf6e021fba4878673a9c9c01e045f34e47be39a
  f/python_scripts/task_4_copy_s3_to_postgres_scenar_2b_python_script: ee3276575259a38b59592f6a59d2369477fb434e5a14ecb9408e5e432f63b88a
