version: v2
locks:
  f/bash_scripts/monte_carlo_scenar_1_bash_script: c2c9b512e66ce00b33a9eebf4d1e3f36dae6c937182e192944fce39ab8ac339f
  f/bash_scripts/task1_delete_s3_scenar_2_bash_python_script: 809bbc7fccede7533381b6c9054afaa936355e3467b2e4806602046610fbaf26
  f/bash_scripts/task2_s3_ingestion_scenar_2_bash_python_script: 64b2f08ef4a9c78ffa7d5bb8e8ca078cfc9804af118cad80e9688da2248c90cb
  f/bash_scripts/task3_wait_external_service_bash_python_script: b26ba74cf784762582b893ef618fa177d71643aa77287c9927031fdb18924f36
  f/bash_scripts/task4_copy_s3_to_postgres_bash_python_script: 35d2f249554b402d1ed11e041d7d61ba020ee3b24f946308ca151a419799f359
  f/python_scripts/task_1_delete_s3_scenar_2_b_python_script: 25b0cbbd8849aea3e72661e97e3c253ac393a67039440b7b3531930b5ec1116c
  f/python_scripts/task_2_s3_ingestion_scenar_2_b_python_script: cbbdf266022daf07e28365cdc74c0f6eaedb128a266a94a9362c4bec9276f188
  f/python_scripts/task_3_wait_external_service_scenar_2_b_python_script: 243f643ee45ee8aa51323c383e8e09212d37a776556dced53a634c293a12df7f
  f/python_scripts/task_4_copy_s3_to_postgres_scenar_2b_python_script: c66d5a8ba59bccd0493715912fdfe4f2dafed6ca30026fa78fe4bc6058a4c260
