version: v2
locks:
  f/bash_scripts/monte_carlo_scenar_1_bash_script: c2c9b512e66ce00b33a9eebf4d1e3f36dae6c937182e192944fce39ab8ac339f
  f/bash_scripts/task1_delete_s3_scenar_2_bash_python_script: 31d0090411e171656583e3c2e98ee1dd959648575b45e1e36d1668abab7f73ac
  f/bash_scripts/task2_s3_ingestion_scenar_2_bash_python_script: 64b2f08ef4a9c78ffa7d5bb8e8ca078cfc9804af118cad80e9688da2248c90cb
  f/bash_scripts/task3_wait_external_service_bash_python_script: b26ba74cf784762582b893ef618fa177d71643aa77287c9927031fdb18924f36
  f/bash_scripts/task4_copy_s3_to_postgres_bash_python_script: 35d2f249554b402d1ed11e041d7d61ba020ee3b24f946308ca151a419799f359
  f/python_scripts/task_1_delete_s3_scenar_2_b_python_script: 6fc73b684b82c68f019aa6cc4d91bedbe2b8d30b1bce6e6275af8e71b5ff36e0
  f/python_scripts/task_2_s3_ingestion_scenar_2_b_python_script: cfd17f8c9df2bd54d97c67690e76852df88ba01fbb2d967060271944b22e0849
  f/python_scripts/task_3_wait_external_service_scenar_2_b_python_script: b23049730f1ba2a2fd0522ebb76066edd11fb3ffd77699eac221d38424d92949
  f/python_scripts/task_4_copy_s3_to_postgres_scenar_2b_python_script: a80196964bf7cd6d2faf43d3cf6c2061fc6f53a84e08692c46786e3f55bd39b6
